<?xml version="1.0" encoding="utf-8"?>
<Project ToolsVersion="4.0" xmlns="http://schemas.microsoft.com/developer/msbuild/2003">
  <ItemGroup>
    <Filter Include="Source Files">
      <UniqueIdentifier>{4FC737F1-C7A5-4376-A066-2A32D752A2FF}</UniqueIdentifier>
      <Extensions>cpp;c;cc;cxx;c++;cppm;ixx;def;odl;idl;hpj;bat;asm;asmx</Extensions>
    </Filter>
    <Filter Include="Header Files">
      <UniqueIdentifier>{93995380-89BD-4b04-88EB-625FBE52EBFB}</UniqueIdentifier>
      <Extensions>h;hh;hpp;hxx;h++;hm;inl;inc;ipp;xsd</Extensions>
    </Filter>
    <Filter Include="Resource Files">
      <UniqueIdentifier>{67DA6AB6-F800-4c08-8B7A-83BB121AAD01}</UniqueIdentifier>
      <Extensions>rc;ico;cur;bmp;dlg;rc2;rct;bin;rgs;gif;jpg;jpeg;jpe;resx;tiff;tif;png;wav;mfcribbon-ms</Extensions>
    </Filter>
  </ItemGroup>
  <ItemGroup>
    <ClCompile Include="ServerTest.cpp">
      <Filter>Source Files</Filter>
    </ClCompile>
    <ClCompile Include="TCPConnection.cpp">
      <Filter>Source Files</Filter>
    </ClCompile>
    <ClCompile Include="TCPServer.cpp">
      <Filter>Source Files</Filter>
    </ClCompile>
    <ClCompile Include="JSONParser.cpp">
      <Filter>Source Files</Filter>
    </ClCompile>
    <ClCompile Include="JSONNode.cpp">
      <Filter>Source Files</Filter>
    </ClCompile>
    <ClCompile Include="JSONStringNode.cpp">
      <Filter>Source Files</Filter>
    </ClCompile>
    <ClCompile Include="JSONObjectNode.cpp">
      <Filter>Source Files</Filter>
    </ClCompile>
    <ClCompile Include="JSONBoolNode.cpp">
      <Filter>Source Files</Filter>
    </ClCompile>
    <ClCompile Include="JSONIntegerNode.cpp">
      <Filter>Source Files</Filter>
    </ClCompile>
    <ClCompile Include="JSONFloatNode.cpp">
      <Filter>Source Files</Filter>
    </ClCompile>
    <ClCompile Include="JSONVectorNode.cpp">
      <Filter>Source Files</Filter>
    </ClCompile>
    <ClCompile Include="TestDecodable.cpp">
      <Filter>Source Files</Filter>
    </ClCompile>
    <ClCompile Include="Event.cpp">
      <Filter>Source Files</Filter>
    </ClCompile>
    <ClCompile Include="EventQueue.cpp">
      <Filter>Source Files</Filter>
    </ClCompile>
    <ClCompile Include="EventSubscription.cpp">
      <Filter>Source Files</Filter>
    </ClCompile>
    <ClCompile Include="GameEventSubscription.cpp">
      <Filter>Source Files</Filter>
    </ClCompile>
    <ClCompile Include="GameEvent.cpp">
      <Filter>Source Files</Filter>
    </ClCompile>
    <ClCompile Include="Message.cpp">
      <Filter>Source Files</Filter>
    </ClCompile>
    <ClCompile Include="Request.cpp">
      <Filter>Source Files</Filter>
    </ClCompile>
    <ClCompile Include="EnumMap.cpp">
      <Filter>Source Files</Filter>
    </ClCompile>
    <ClCompile Include="Response.cpp">
      <Filter>Source Files</Filter>
    </ClCompile>
    <ClCompile Include="StringUtility.cpp">
      <Filter>Source Files</Filter>
    </ClCompile>
    <ClCompile Include="GameController.cpp">
      <Filter>Source Files</Filter>
    </ClCompile>
    <ClCompile Include="BaseController.cpp">
      <Filter>Source Files</Filter>
    </ClCompile>
    <ClCompile Include="MatchFinderController.cpp">
      <Filter>Source Files</Filter>
    </ClCompile>
    <ClCompile Include="Socket.cpp">
      <Filter>Source Files</Filter>
    </ClCompile>
    <ClCompile Include="MatchController.cpp">
      <Filter>Source Files</Filter>
    </ClCompile>
    <ClCompile Include="MatchState.cpp">
      <Filter>Source Files</Filter>
    </ClCompile>
    <ClCompile Include="ConnectionController.cpp">
      <Filter>Source Files</Filter>
    </ClCompile>
    <ClCompile Include="CallbackController.cpp">
      <Filter>Source Files</Filter>
    </ClCompile>
  </ItemGroup>
  <ItemGroup>
    <ClInclude Include="TCPConnection.h">
      <Filter>Header Files</Filter>
    </ClInclude>
    <ClInclude Include="TCPServer.h">
      <Filter>Header Files</Filter>
    </ClInclude>
    <ClInclude Include="Logger.h">
      <Filter>Header Files</Filter>
    </ClInclude>
    <ClInclude Include="JSONParser.h">
      <Filter>Header Files</Filter>
    </ClInclude>
    <ClInclude Include="JSONNode.h">
      <Filter>Header Files</Filter>
    </ClInclude>
    <ClInclude Include="JSONStringNode.h">
      <Filter>Header Files</Filter>
    </ClInclude>
    <ClInclude Include="JSONObjectNode.h">
      <Filter>Header Files</Filter>
    </ClInclude>
    <ClInclude Include="JSONTokens.h">
      <Filter>Header Files</Filter>
    </ClInclude>
    <ClInclude Include="JSONBoolNode.h">
      <Filter>Header Files</Filter>
    </ClInclude>
    <ClInclude Include="JSONIntegerNode.h">
      <Filter>Header Files</Filter>
    </ClInclude>
    <ClInclude Include="JSONFloatNode.h">
      <Filter>Header Files</Filter>
    </ClInclude>
    <ClInclude Include="JSONVectorNode.h">
      <Filter>Header Files</Filter>
    </ClInclude>
    <ClInclude Include="IDecodable.h">
      <Filter>Header Files</Filter>
    </ClInclude>
    <ClInclude Include="TestDecodable.h">
      <Filter>Header Files</Filter>
    </ClInclude>
    <ClInclude Include="IEncodable.h">
      <Filter>Header Files</Filter>
    </ClInclude>
    <ClInclude Include="Event.h">
      <Filter>Header Files</Filter>
    </ClInclude>
    <ClInclude Include="EventQueue.h">
      <Filter>Header Files</Filter>
    </ClInclude>
    <ClInclude Include="GameEvents.h">
      <Filter>Header Files</Filter>
    </ClInclude>
    <ClInclude Include="EventSubscription.h">
      <Filter>Header Files</Filter>
    </ClInclude>
    <ClInclude Include="GameEventSubscription.h">
      <Filter>Header Files</Filter>
    </ClInclude>
    <ClInclude Include="GameEvent.h">
      <Filter>Header Files</Filter>
    </ClInclude>
    <ClInclude Include="Message.h">
      <Filter>Header Files</Filter>
    </ClInclude>
    <ClInclude Include="Request.h">
      <Filter>Header Files</Filter>
    </ClInclude>
    <ClInclude Include="RequestType.h">
      <Filter>Header Files</Filter>
    </ClInclude>
    <ClInclude Include="EnumConverter.h">
      <Filter>Header Files</Filter>
    </ClInclude>
    <ClInclude Include="EnumMap.h">
      <Filter>Header Files</Filter>
    </ClInclude>
    <ClInclude Include="Response.h">
      <Filter>Header Files</Filter>
    </ClInclude>
    <ClInclude Include="ResponseType.h">
      <Filter>Header Files</Filter>
    </ClInclude>
    <ClInclude Include="StringUtility.h">
      <Filter>Header Files</Filter>
    </ClInclude>
    <ClInclude Include="GameController.h">
      <Filter>Header Files</Filter>
    </ClInclude>
    <ClInclude Include="BaseController.h">
      <Filter>Header Files</Filter>
    </ClInclude>
    <ClInclude Include="MatchFinderController.h">
      <Filter>Header Files</Filter>
    </ClInclude>
    <ClInclude Include="Socket.h">
      <Filter>Header Files</Filter>
    </ClInclude>
    <ClInclude Include="MatchController.h">
      <Filter>Header Files</Filter>
    </ClInclude>
    <ClInclude Include="MatchState.h">
      <Filter>Header Files</Filter>
    </ClInclude>
    <ClInclude Include="ConnectionController.h">
      <Filter>Header Files</Filter>
    </ClInclude>
    <ClInclude Include="CallbackController.h">
      <Filter>Header Files</Filter>
    </ClInclude>
    <ClInclude Include="Enums.h">
      <Filter>Header Files</Filter>
    </ClInclude>
  </ItemGroup>
</Project>